{
  "requires": true,
  "lockfileVersion": 1,
  "dependencies": {
    "async": {
      "version": "0.2.10",
      "resolved": "https://registry.npmjs.org/async/-/async-0.2.10.tgz",
      "integrity": "sha1-trvgsGdLnXGXCMo43owjfLUmw9E="
    },
    "lodash": {
      "version": "2.4.2",
      "resolved": "https://registry.npmjs.org/lodash/-/lodash-2.4.2.tgz",
      "integrity": "sha1-+t2DS5aDBz2hebPq5tnA0VBT9z4="
    },
    "merge-defaults": {
      "version": "0.1.4",
      "resolved": "https://registry.npmjs.org/merge-defaults/-/merge-defaults-0.1.4.tgz",
      "integrity": "sha1-kkDUlaPxUC0608oEGwMfAFmb8Xg=",
      "requires": {
        "lodash": "2.4.2"
      }
    },
    "sails-generate-api": {
      "version": "0.10.1",
      "resolved": "https://registry.npmjs.org/sails-generate-api/-/sails-generate-api-0.10.1.tgz",
      "integrity": "sha1-FVCVe2DU8Dpjerb1nE9j2jom9As=",
      "requires": {
        "async": "0.2.10",
        "lodash": "2.4.2",
        "merge-defaults": "0.1.4"
      }
    }
  }
}
